Microsoft Visual Studio Solution File, Format Version 12.00
# Visual Studio Version 17
VisualStudioVersion = 17.5.2.0
MinimumVisualStudioVersion = 10.0.40219.1
Project("{FAE04EC0-301F-11D3-BF4B-00C04F79EFBC}") = "FabricObo", "FabricObo.csproj", "{F1D704FE-9278-1FA3-969D-2A1616135EE7}"
EndProject
Global
	GlobalSection(SolutionConfigurationPlatforms) = preSolution
		Debug|Any CPU = Debug|Any CPU
		Release|Any CPU = Release|Any CPU
	EndGlobalSection
	GlobalSection(ProjectConfigurationPlatforms) = postSolution
		{F1D704FE-9278-1FA3-969D-2A1616135EE7}.Debug|Any CPU.ActiveCfg = Debug|Any CPU
		{F1D704FE-9278-1FA3-969D-2A1616135EE7}.Debug|Any CPU.Build.0 = Debug|Any CPU
		{F1D704FE-9278-1FA3-969D-2A1616135EE7}.Release|Any CPU.ActiveCfg = Release|Any CPU
		{F1D704FE-9278-1FA3-969D-2A1616135EE7}.Release|Any CPU.Build.0 = Release|Any CPU
	EndGlobalSection
	GlobalSection(SolutionProperties) = preSolution
		HideSolutionNode = FALSE
	EndGlobalSection
	GlobalSection(ExtensibilityGlobals) = postSolution
		SolutionGuid = {D81425FD-3E8C-40D3-A725-242A03D630CD}
	EndGlobalSection
EndGlobal
